// !$*UTF8*$!
{
	archiveVersion = 1;
	classes = {
	};
	objectVersion = 56;
	objects = {

/* Begin PBXBuildFile section */
		AFBFD32F2C06C7F70029916C /* couple_telecathicApp.swift in Sources */ = {isa = PBXBuildFile; fileRef = AFBFD32E2C06C7F70029916C /* couple_telecathicApp.swift */; };
		AFBFD3312C06C7F70029916C /* ContentView.swift in Sources */ = {isa = PBXBuildFile; fileRef = AFBFD3302C06C7F70029916C /* ContentView.swift */; };
		AFBFD3332C06C7F70029916C /* Item.swift in Sources */ = {isa = PBXBuildFile; fileRef = AFBFD3322C06C7F70029916C /* Item.swift */; };
		AFBFD3352C06C7F80029916C /* Assets.xcassets in Resources */ = {isa = PBXBuildFile; fileRef = AFBFD3342C06C7F80029916C /* Assets.xcassets */; };
		AFBFD3382C06C7F80029916C /* Preview Assets.xcassets in Resources */ = {isa = PBXBuildFile; fileRef = AFBFD3372C06C7F80029916C /* Preview Assets.xcassets */; };
		BA2430032C083A0400695165 /* SIWA.swift in Sources */ = {isa = PBXBuildFile; fileRef = BA2430022C083A0400695165 /* SIWA.swift */; };
		DE02C0FB2C08215B0025AC63 /* MissYouMessage.swift in Sources */ = {isa = PBXBuildFile; fileRef = DE02C0FA2C08215B0025AC63 /* MissYouMessage.swift */; };
		DE215EB32C09839200E37C97 /* .gitignore in Resources */ = {isa = PBXBuildFile; fileRef = DE215EB22C09839200E37C97 /* .gitignore */; };
		DE215EB52C098B5700E37C97 /* Theme.swift in Sources */ = {isa = PBXBuildFile; fileRef = DE215EB42C098B5700E37C97 /* Theme.swift */; };
		DE215EB72C0AD10400E37C97 /* SpecialDay.swift in Sources */ = {isa = PBXBuildFile; fileRef = DE215EB62C0AD10400E37C97 /* SpecialDay.swift */; };
		DE215EB92C0B6A7000E37C97 /* MainView.swift in Sources */ = {isa = PBXBuildFile; fileRef = DE215EB82C0B6A7000E37C97 /* MainView.swift */; };
		DE215EBB2C0B71AB00E37C97 /* ProfileScreen.swift in Sources */ = {isa = PBXBuildFile; fileRef = DE215EBA2C0B71AB00E37C97 /* ProfileScreen.swift */; };
		DE215EBD2C0D4D7A00E37C97 /* ObserveScreen.swift in Sources */ = {isa = PBXBuildFile; fileRef = DE215EBC2C0D4D7A00E37C97 /* ObserveScreen.swift */; };
		DE215EBF2C0D6AD300E37C97 /* Couple.swift in Sources */ = {isa = PBXBuildFile; fileRef = DE215EBE2C0D6AD300E37C97 /* Couple.swift */; };
		DE215EC12C0D83A400E37C97 /* SpecialDayItem.swift in Sources */ = {isa = PBXBuildFile; fileRef = DE215EC02C0D83A400E37C97 /* SpecialDayItem.swift */; };
		DE9BFFA72C0ED1FD0049234B /* couple_telecathic_watchApp.swift in Sources */ = {isa = PBXBuildFile; fileRef = DE9BFFA62C0ED1FD0049234B /* couple_telecathic_watchApp.swift */; };
		DE9BFFA92C0ED1FD0049234B /* ContentView.swift in Sources */ = {isa = PBXBuildFile; fileRef = DE9BFFA82C0ED1FD0049234B /* ContentView.swift */; };
		DE9BFFAB2C0ED1FF0049234B /* Assets.xcassets in Resources */ = {isa = PBXBuildFile; fileRef = DE9BFFAA2C0ED1FF0049234B /* Assets.xcassets */; };
		DE9BFFAE2C0ED1FF0049234B /* Preview Assets.xcassets in Resources */ = {isa = PBXBuildFile; fileRef = DE9BFFAD2C0ED1FF0049234B /* Preview Assets.xcassets */; };
		DE9BFFB12C0ED1FF0049234B /* couple-telecathic-watch Watch App.app in Embed Watch Content */ = {isa = PBXBuildFile; fileRef = DE9BFFA42C0ED1FD0049234B /* couple-telecathic-watch Watch App.app */; settings = {ATTRIBUTES = (RemoveHeadersOnCopy, ); }; };
		DE9BFFB82C0ED2120049234B /* WatchConnectivity.framework in Frameworks */ = {isa = PBXBuildFile; fileRef = DE9BFFB72C0ED2120049234B /* WatchConnectivity.framework */; };
		DE9BFFBA2C0ED2210049234B /* WatchConnectivity.framework in Frameworks */ = {isa = PBXBuildFile; fileRef = DE9BFFB92C0ED2210049234B /* WatchConnectivity.framework */; };
		DE9BFFBC2C0EEB7A0049234B /* WatchConnector.swift in Sources */ = {isa = PBXBuildFile; fileRef = DE9BFFBB2C0EEB7A0049234B /* WatchConnector.swift */; };
		DE9BFFBE2C0EEDE00049234B /* IOSConnector.swift in Sources */ = {isa = PBXBuildFile; fileRef = DE9BFFBD2C0EEDE00049234B /* IOSConnector.swift */; };
		DE9BFFC42C0F543B0049234B /* FirebaseAnalytics in Frameworks */ = {isa = PBXBuildFile; productRef = DE9BFFC32C0F543B0049234B /* FirebaseAnalytics */; };
		DE9BFFC62C0F543B0049234B /* FirebaseFirestore in Frameworks */ = {isa = PBXBuildFile; productRef = DE9BFFC52C0F543B0049234B /* FirebaseFirestore */; };
		DE9BFFC82C0F543B0049234B /* FirebaseMessaging in Frameworks */ = {isa = PBXBuildFile; productRef = DE9BFFC72C0F543B0049234B /* FirebaseMessaging */; };
		DE9BFFCA2C0F55520049234B /* GoogleService-Info.plist in Resources */ = {isa = PBXBuildFile; fileRef = DE9BFFC92C0F55520049234B /* GoogleService-Info.plist */; };
/* End PBXBuildFile section */

/* Begin PBXContainerItemProxy section */
		DE9BFFAF2C0ED1FF0049234B /* PBXContainerItemProxy */ = {
			isa = PBXContainerItemProxy;
			containerPortal = AFBFD3232C06C7F70029916C /* Project object */;
			proxyType = 1;
			remoteGlobalIDString = DE9BFFA32C0ED1FD0049234B;
			remoteInfo = "couple-telecathic-watch Watch App";
		};
/* End PBXContainerItemProxy section */

/* Begin PBXCopyFilesBuildPhase section */
		DE9BFFB52C0ED1FF0049234B /* Embed Watch Content */ = {
			isa = PBXCopyFilesBuildPhase;
			buildActionMask = 2147483647;
			dstPath = "$(CONTENTS_FOLDER_PATH)/Watch";
			dstSubfolderSpec = 16;
			files = (
				DE9BFFB12C0ED1FF0049234B /* couple-telecathic-watch Watch App.app in Embed Watch Content */,
			);
			name = "Embed Watch Content";
			runOnlyForDeploymentPostprocessing = 0;
		};
/* End PBXCopyFilesBuildPhase section */

/* Begin PBXFileReference section */
		AFBFD32B2C06C7F70029916C /* couple-telecathic.app */ = {isa = PBXFileReference; explicitFileType = wrapper.application; includeInIndex = 0; path = "couple-telecathic.app"; sourceTree = BUILT_PRODUCTS_DIR; };
		AFBFD32E2C06C7F70029916C /* couple_telecathicApp.swift */ = {isa = PBXFileReference; lastKnownFileType = sourcecode.swift; path = couple_telecathicApp.swift; sourceTree = "<group>"; };
		AFBFD3302C06C7F70029916C /* ContentView.swift */ = {isa = PBXFileReference; lastKnownFileType = sourcecode.swift; path = ContentView.swift; sourceTree = "<group>"; };
		AFBFD3322C06C7F70029916C /* Item.swift */ = {isa = PBXFileReference; lastKnownFileType = sourcecode.swift; path = Item.swift; sourceTree = "<group>"; };
		AFBFD3342C06C7F80029916C /* Assets.xcassets */ = {isa = PBXFileReference; lastKnownFileType = folder.assetcatalog; path = Assets.xcassets; sourceTree = "<group>"; };
		AFBFD3372C06C7F80029916C /* Preview Assets.xcassets */ = {isa = PBXFileReference; lastKnownFileType = folder.assetcatalog; path = "Preview Assets.xcassets"; sourceTree = "<group>"; };
		BA2430022C083A0400695165 /* SIWA.swift */ = {isa = PBXFileReference; lastKnownFileType = sourcecode.swift; path = SIWA.swift; sourceTree = "<group>"; };
		BA2430042C083A2E00695165 /* couple-telecathic.entitlements */ = {isa = PBXFileReference; lastKnownFileType = text.plist.entitlements; path = "couple-telecathic.entitlements"; sourceTree = "<group>"; };
		DE02C0FA2C08215B0025AC63 /* MissYouMessage.swift */ = {isa = PBXFileReference; lastKnownFileType = sourcecode.swift; path = MissYouMessage.swift; sourceTree = "<group>"; };
		DE215EB22C09839200E37C97 /* .gitignore */ = {isa = PBXFileReference; fileEncoding = 4; lastKnownFileType = text; path = .gitignore; sourceTree = "<group>"; };
		DE215EB42C098B5700E37C97 /* Theme.swift */ = {isa = PBXFileReference; lastKnownFileType = sourcecode.swift; path = Theme.swift; sourceTree = "<group>"; };
		DE215EB62C0AD10400E37C97 /* SpecialDay.swift */ = {isa = PBXFileReference; lastKnownFileType = sourcecode.swift; path = SpecialDay.swift; sourceTree = "<group>"; };
		DE215EB82C0B6A7000E37C97 /* MainView.swift */ = {isa = PBXFileReference; lastKnownFileType = sourcecode.swift; path = MainView.swift; sourceTree = "<group>"; };
		DE215EBA2C0B71AB00E37C97 /* ProfileScreen.swift */ = {isa = PBXFileReference; lastKnownFileType = sourcecode.swift; path = ProfileScreen.swift; sourceTree = "<group>"; };
		DE215EBC2C0D4D7A00E37C97 /* ObserveScreen.swift */ = {isa = PBXFileReference; lastKnownFileType = sourcecode.swift; path = ObserveScreen.swift; sourceTree = "<group>"; };
		DE215EBE2C0D6AD300E37C97 /* Couple.swift */ = {isa = PBXFileReference; lastKnownFileType = sourcecode.swift; path = Couple.swift; sourceTree = "<group>"; };
		DE215EC02C0D83A400E37C97 /* SpecialDayItem.swift */ = {isa = PBXFileReference; lastKnownFileType = sourcecode.swift; path = SpecialDayItem.swift; sourceTree = "<group>"; };
		DE9BFFA42C0ED1FD0049234B /* couple-telecathic-watch Watch App.app */ = {isa = PBXFileReference; explicitFileType = wrapper.application; includeInIndex = 0; path = "couple-telecathic-watch Watch App.app"; sourceTree = BUILT_PRODUCTS_DIR; };
		DE9BFFA62C0ED1FD0049234B /* couple_telecathic_watchApp.swift */ = {isa = PBXFileReference; lastKnownFileType = sourcecode.swift; path = couple_telecathic_watchApp.swift; sourceTree = "<group>"; };
		DE9BFFA82C0ED1FD0049234B /* ContentView.swift */ = {isa = PBXFileReference; lastKnownFileType = sourcecode.swift; path = ContentView.swift; sourceTree = "<group>"; };
		DE9BFFAA2C0ED1FF0049234B /* Assets.xcassets */ = {isa = PBXFileReference; lastKnownFileType = folder.assetcatalog; path = Assets.xcassets; sourceTree = "<group>"; };
		DE9BFFAD2C0ED1FF0049234B /* Preview Assets.xcassets */ = {isa = PBXFileReference; lastKnownFileType = folder.assetcatalog; path = "Preview Assets.xcassets"; sourceTree = "<group>"; };
		DE9BFFB72C0ED2120049234B /* WatchConnectivity.framework */ = {isa = PBXFileReference; lastKnownFileType = wrapper.framework; name = WatchConnectivity.framework; path = System/Library/Frameworks/WatchConnectivity.framework; sourceTree = SDKROOT; };
		DE9BFFB92C0ED2210049234B /* WatchConnectivity.framework */ = {isa = PBXFileReference; lastKnownFileType = wrapper.framework; name = WatchConnectivity.framework; path = Platforms/WatchOS.platform/Developer/SDKs/WatchOS10.2.sdk/System/Library/Frameworks/WatchConnectivity.framework; sourceTree = DEVELOPER_DIR; };
		DE9BFFBB2C0EEB7A0049234B /* WatchConnector.swift */ = {isa = PBXFileReference; lastKnownFileType = sourcecode.swift; path = WatchConnector.swift; sourceTree = "<group>"; };
		DE9BFFBD2C0EEDE00049234B /* IOSConnector.swift */ = {isa = PBXFileReference; lastKnownFileType = sourcecode.swift; path = IOSConnector.swift; sourceTree = "<group>"; };
		DE9BFFBF2C0F00230049234B /* couple-telecathic-watch Watch App.entitlements */ = {isa = PBXFileReference; lastKnownFileType = text.plist.entitlements; path = "couple-telecathic-watch Watch App.entitlements"; sourceTree = "<group>"; };
		DE9BFFC92C0F55520049234B /* GoogleService-Info.plist */ = {isa = PBXFileReference; fileEncoding = 4; lastKnownFileType = text.plist.xml; path = "GoogleService-Info.plist"; sourceTree = "<group>"; };
/* End PBXFileReference section */

/* Begin PBXFrameworksBuildPhase section */
		AFBFD3282C06C7F70029916C /* Frameworks */ = {
			isa = PBXFrameworksBuildPhase;
			buildActionMask = 2147483647;
			files = (
				DE9BFFC82C0F543B0049234B /* FirebaseMessaging in Frameworks */,
				DE9BFFC42C0F543B0049234B /* FirebaseAnalytics in Frameworks */,
				DE9BFFB82C0ED2120049234B /* WatchConnectivity.framework in Frameworks */,
				DE9BFFC62C0F543B0049234B /* FirebaseFirestore in Frameworks */,
			);
			runOnlyForDeploymentPostprocessing = 0;
		};
		DE9BFFA12C0ED1FD0049234B /* Frameworks */ = {
			isa = PBXFrameworksBuildPhase;
			buildActionMask = 2147483647;
			files = (
				DE9BFFBA2C0ED2210049234B /* WatchConnectivity.framework in Frameworks */,
			);
			runOnlyForDeploymentPostprocessing = 0;
		};
/* End PBXFrameworksBuildPhase section */

/* Begin PBXGroup section */
		AFBFD3222C06C7F70029916C = {
			isa = PBXGroup;
			children = (
				AFBFD32D2C06C7F70029916C /* couple-telecathic */,
				DE9BFFA52C0ED1FD0049234B /* couple-telecathic-watch Watch App */,
				AFBFD32C2C06C7F70029916C /* Products */,
				DE9BFFB62C0ED2120049234B /* Frameworks */,
			);
			sourceTree = "<group>";
		};
		AFBFD32C2C06C7F70029916C /* Products */ = {
			isa = PBXGroup;
			children = (
				AFBFD32B2C06C7F70029916C /* couple-telecathic.app */,
				DE9BFFA42C0ED1FD0049234B /* couple-telecathic-watch Watch App.app */,
			);
			name = Products;
			sourceTree = "<group>";
		};
		AFBFD32D2C06C7F70029916C /* couple-telecathic */ = {
			isa = PBXGroup;
			children = (
				DE215EC02C0D83A400E37C97 /* SpecialDayItem.swift */,
				DE215EBE2C0D6AD300E37C97 /* Couple.swift */,
				DE215EB82C0B6A7000E37C97 /* MainView.swift */,
				BA2430042C083A2E00695165 /* couple-telecathic.entitlements */,
				AFBFD32E2C06C7F70029916C /* couple_telecathicApp.swift */,
				AFBFD3302C06C7F70029916C /* ContentView.swift */,
				AFBFD3322C06C7F70029916C /* Item.swift */,
				AFBFD3342C06C7F80029916C /* Assets.xcassets */,
				AFBFD3362C06C7F80029916C /* Preview Content */,
				DE02C0FA2C08215B0025AC63 /* MissYouMessage.swift */,
				BA2430022C083A0400695165 /* SIWA.swift */,
				DE215EB22C09839200E37C97 /* .gitignore */,
				DE215EB42C098B5700E37C97 /* Theme.swift */,
				DE215EB62C0AD10400E37C97 /* SpecialDay.swift */,
				DE215EBA2C0B71AB00E37C97 /* ProfileScreen.swift */,
				DE9BFFC92C0F55520049234B /* GoogleService-Info.plist */,
				DE215EBC2C0D4D7A00E37C97 /* ObserveScreen.swift */,
				DE9BFFBB2C0EEB7A0049234B /* WatchConnector.swift */,
			);
			path = "couple-telecathic";
			sourceTree = "<group>";
		};
		AFBFD3362C06C7F80029916C /* Preview Content */ = {
			isa = PBXGroup;
			children = (
				AFBFD3372C06C7F80029916C /* Preview Assets.xcassets */,
			);
			path = "Preview Content";
			sourceTree = "<group>";
		};
		DE9BFFA52C0ED1FD0049234B /* couple-telecathic-watch Watch App */ = {
			isa = PBXGroup;
			children = (
				DE9BFFBF2C0F00230049234B /* couple-telecathic-watch Watch App.entitlements */,
				DE9BFFA62C0ED1FD0049234B /* couple_telecathic_watchApp.swift */,
				DE9BFFA82C0ED1FD0049234B /* ContentView.swift */,
				DE9BFFAA2C0ED1FF0049234B /* Assets.xcassets */,
				DE9BFFAC2C0ED1FF0049234B /* Preview Content */,
				DE9BFFBD2C0EEDE00049234B /* IOSConnector.swift */,
			);
			path = "couple-telecathic-watch Watch App";
			sourceTree = "<group>";
		};
		DE9BFFAC2C0ED1FF0049234B /* Preview Content */ = {
			isa = PBXGroup;
			children = (
				DE9BFFAD2C0ED1FF0049234B /* Preview Assets.xcassets */,
			);
			path = "Preview Content";
			sourceTree = "<group>";
		};
		DE9BFFB62C0ED2120049234B /* Frameworks */ = {
			isa = PBXGroup;
			children = (
				DE9BFFB92C0ED2210049234B /* WatchConnectivity.framework */,
				DE9BFFB72C0ED2120049234B /* WatchConnectivity.framework */,
			);
			name = Frameworks;
			sourceTree = "<group>";
		};
/* End PBXGroup section */

/* Begin PBXNativeTarget section */
		AFBFD32A2C06C7F70029916C /* couple-telecathic */ = {
			isa = PBXNativeTarget;
			buildConfigurationList = AFBFD33B2C06C7F80029916C /* Build configuration list for PBXNativeTarget "couple-telecathic" */;
			buildPhases = (
				AFBFD3272C06C7F70029916C /* Sources */,
				AFBFD3282C06C7F70029916C /* Frameworks */,
				AFBFD3292C06C7F70029916C /* Resources */,
				DE9BFFB52C0ED1FF0049234B /* Embed Watch Content */,
			);
			buildRules = (
			);
			dependencies = (
				DE9BFFB02C0ED1FF0049234B /* PBXTargetDependency */,
			);
			name = "couple-telecathic";
			packageProductDependencies = (
				DE9BFFC32C0F543B0049234B /* FirebaseAnalytics */,
				DE9BFFC52C0F543B0049234B /* FirebaseFirestore */,
				DE9BFFC72C0F543B0049234B /* FirebaseMessaging */,
			);
			productName = "couple-telecathic";
			productReference = AFBFD32B2C06C7F70029916C /* couple-telecathic.app */;
			productType = "com.apple.product-type.application";
		};
		DE9BFFA32C0ED1FD0049234B /* couple-telecathic-watch Watch App */ = {
			isa = PBXNativeTarget;
			buildConfigurationList = DE9BFFB22C0ED1FF0049234B /* Build configuration list for PBXNativeTarget "couple-telecathic-watch Watch App" */;
			buildPhases = (
				DE9BFFA02C0ED1FD0049234B /* Sources */,
				DE9BFFA12C0ED1FD0049234B /* Frameworks */,
				DE9BFFA22C0ED1FD0049234B /* Resources */,
			);
			buildRules = (
			);
			dependencies = (
			);
			name = "couple-telecathic-watch Watch App";
			productName = "couple-telecathic-watch Watch App";
			productReference = DE9BFFA42C0ED1FD0049234B /* couple-telecathic-watch Watch App.app */;
			productType = "com.apple.product-type.application";
		};
/* End PBXNativeTarget section */

/* Begin PBXProject section */
		AFBFD3232C06C7F70029916C /* Project object */ = {
			isa = PBXProject;
			attributes = {
				BuildIndependentTargetsInParallel = 1;
				LastSwiftUpdateCheck = 1520;
				LastUpgradeCheck = 1520;
				TargetAttributes = {
					AFBFD32A2C06C7F70029916C = {
						CreatedOnToolsVersion = 15.2;
					};
					DE9BFFA32C0ED1FD0049234B = {
						CreatedOnToolsVersion = 15.2;
					};
				};
			};
			buildConfigurationList = AFBFD3262C06C7F70029916C /* Build configuration list for PBXProject "couple-telecathic" */;
			compatibilityVersion = "Xcode 14.0";
			developmentRegion = en;
			hasScannedForEncodings = 0;
			knownRegions = (
				en,
				Base,
			);
			mainGroup = AFBFD3222C06C7F70029916C;
			packageReferences = (
				DE9BFFC22C0F543B0049234B /* XCRemoteSwiftPackageReference "firebase-ios-sdk" */,
			);
			productRefGroup = AFBFD32C2C06C7F70029916C /* Products */;
			projectDirPath = "";
			projectRoot = "";
			targets = (
				AFBFD32A2C06C7F70029916C /* couple-telecathic */,
				DE9BFFA32C0ED1FD0049234B /* couple-telecathic-watch Watch App */,
			);
		};
/* End PBXProject section */

/* Begin PBXResourcesBuildPhase section */
		AFBFD3292C06C7F70029916C /* Resources */ = {
			isa = PBXResourcesBuildPhase;
			buildActionMask = 2147483647;
			files = (
				AFBFD3382C06C7F80029916C /* Preview Assets.xcassets in Resources */,
				DE215EB32C09839200E37C97 /* .gitignore in Resources */,
				DE9BFFCA2C0F55520049234B /* GoogleService-Info.plist in Resources */,
				AFBFD3352C06C7F80029916C /* Assets.xcassets in Resources */,
			);
			runOnlyForDeploymentPostprocessing = 0;
		};
		DE9BFFA22C0ED1FD0049234B /* Resources */ = {
			isa = PBXResourcesBuildPhase;
			buildActionMask = 2147483647;
			files = (
				DE9BFFAE2C0ED1FF0049234B /* Preview Assets.xcassets in Resources */,
				DE9BFFAB2C0ED1FF0049234B /* Assets.xcassets in Resources */,
			);
			runOnlyForDeploymentPostprocessing = 0;
		};
/* End PBXResourcesBuildPhase section */

/* Begin PBXSourcesBuildPhase section */
		AFBFD3272C06C7F70029916C /* Sources */ = {
			isa = PBXSourcesBuildPhase;
			buildActionMask = 2147483647;
			files = (
				DE02C0FB2C08215B0025AC63 /* MissYouMessage.swift in Sources */,
				DE215EC12C0D83A400E37C97 /* SpecialDayItem.swift in Sources */,
				AFBFD3312C06C7F70029916C /* ContentView.swift in Sources */,
				DE215EBF2C0D6AD300E37C97 /* Couple.swift in Sources */,
				DE215EBD2C0D4D7A00E37C97 /* ObserveScreen.swift in Sources */,
				DE215EB92C0B6A7000E37C97 /* MainView.swift in Sources */,
				DE9BFFBC2C0EEB7A0049234B /* WatchConnector.swift in Sources */,
				BA2430032C083A0400695165 /* SIWA.swift in Sources */,
				DE215EBB2C0B71AB00E37C97 /* ProfileScreen.swift in Sources */,
				DE215EB52C098B5700E37C97 /* Theme.swift in Sources */,
				DE215EB72C0AD10400E37C97 /* SpecialDay.swift in Sources */,
				AFBFD3332C06C7F70029916C /* Item.swift in Sources */,
				AFBFD32F2C06C7F70029916C /* couple_telecathicApp.swift in Sources */,
			);
			runOnlyForDeploymentPostprocessing = 0;
		};
		DE9BFFA02C0ED1FD0049234B /* Sources */ = {
			isa = PBXSourcesBuildPhase;
			buildActionMask = 2147483647;
			files = (
				DE9BFFA92C0ED1FD0049234B /* ContentView.swift in Sources */,
				DE9BFFBE2C0EEDE00049234B /* IOSConnector.swift in Sources */,
				DE9BFFA72C0ED1FD0049234B /* couple_telecathic_watchApp.swift in Sources */,
			);
			runOnlyForDeploymentPostprocessing = 0;
		};
/* End PBXSourcesBuildPhase section */

/* Begin PBXTargetDependency section */
		DE9BFFB02C0ED1FF0049234B /* PBXTargetDependency */ = {
			isa = PBXTargetDependency;
			target = DE9BFFA32C0ED1FD0049234B /* couple-telecathic-watch Watch App */;
			targetProxy = DE9BFFAF2C0ED1FF0049234B /* PBXContainerItemProxy */;
		};
/* End PBXTargetDependency section */

/* Begin XCBuildConfiguration section */
		AFBFD3392C06C7F80029916C /* Debug */ = {
			isa = XCBuildConfiguration;
			buildSettings = {
				ALWAYS_SEARCH_USER_PATHS = NO;
				ASSETCATALOG_COMPILER_GENERATE_SWIFT_ASSET_SYMBOL_EXTENSIONS = YES;
				CLANG_ANALYZER_NONNULL = YES;
				CLANG_ANALYZER_NUMBER_OBJECT_CONVERSION = YES_AGGRESSIVE;
				CLANG_CXX_LANGUAGE_STANDARD = "gnu++20";
				CLANG_ENABLE_MODULES = YES;
				CLANG_ENABLE_OBJC_ARC = YES;
				CLANG_ENABLE_OBJC_WEAK = YES;
				CLANG_WARN_BLOCK_CAPTURE_AUTORELEASING = YES;
				CLANG_WARN_BOOL_CONVERSION = YES;
				CLANG_WARN_COMMA = YES;
				CLANG_WARN_CONSTANT_CONVERSION = YES;
				CLANG_WARN_DEPRECATED_OBJC_IMPLEMENTATIONS = YES;
				CLANG_WARN_DIRECT_OBJC_ISA_USAGE = YES_ERROR;
				CLANG_WARN_DOCUMENTATION_COMMENTS = YES;
				CLANG_WARN_EMPTY_BODY = YES;
				CLANG_WARN_ENUM_CONVERSION = YES;
				CLANG_WARN_INFINITE_RECURSION = YES;
				CLANG_WARN_INT_CONVERSION = YES;
				CLANG_WARN_NON_LITERAL_NULL_CONVERSION = YES;
				CLANG_WARN_OBJC_IMPLICIT_RETAIN_SELF = YES;
				CLANG_WARN_OBJC_LITERAL_CONVERSION = YES;
				CLANG_WARN_OBJC_ROOT_CLASS = YES_ERROR;
				CLANG_WARN_QUOTED_INCLUDE_IN_FRAMEWORK_HEADER = YES;
				CLANG_WARN_RANGE_LOOP_ANALYSIS = YES;
				CLANG_WARN_STRICT_PROTOTYPES = YES;
				CLANG_WARN_SUSPICIOUS_MOVE = YES;
				CLANG_WARN_UNGUARDED_AVAILABILITY = YES_AGGRESSIVE;
				CLANG_WARN_UNREACHABLE_CODE = YES;
				CLANG_WARN__DUPLICATE_METHOD_MATCH = YES;
				COPY_PHASE_STRIP = NO;
				DEBUG_INFORMATION_FORMAT = dwarf;
				ENABLE_STRICT_OBJC_MSGSEND = YES;
				ENABLE_TESTABILITY = YES;
				ENABLE_USER_SCRIPT_SANDBOXING = YES;
				GCC_C_LANGUAGE_STANDARD = gnu17;
				GCC_DYNAMIC_NO_PIC = NO;
				GCC_NO_COMMON_BLOCKS = YES;
				GCC_OPTIMIZATION_LEVEL = 0;
				GCC_PREPROCESSOR_DEFINITIONS = (
					"DEBUG=1",
					"$(inherited)",
				);
				GCC_WARN_64_TO_32_BIT_CONVERSION = YES;
				GCC_WARN_ABOUT_RETURN_TYPE = YES_ERROR;
				GCC_WARN_UNDECLARED_SELECTOR = YES;
				GCC_WARN_UNINITIALIZED_AUTOS = YES_AGGRESSIVE;
				GCC_WARN_UNUSED_FUNCTION = YES;
				GCC_WARN_UNUSED_VARIABLE = YES;
				IPHONEOS_DEPLOYMENT_TARGET = 17.2;
				LOCALIZATION_PREFERS_STRING_CATALOGS = YES;
				MTL_ENABLE_DEBUG_INFO = INCLUDE_SOURCE;
				MTL_FAST_MATH = YES;
				ONLY_ACTIVE_ARCH = YES;
				SDKROOT = iphoneos;
				SWIFT_ACTIVE_COMPILATION_CONDITIONS = "DEBUG $(inherited)";
				SWIFT_OPTIMIZATION_LEVEL = "-Onone";
			};
			name = Debug;
		};
		AFBFD33A2C06C7F80029916C /* Release */ = {
			isa = XCBuildConfiguration;
			buildSettings = {
				ALWAYS_SEARCH_USER_PATHS = NO;
				ASSETCATALOG_COMPILER_GENERATE_SWIFT_ASSET_SYMBOL_EXTENSIONS = YES;
				CLANG_ANALYZER_NONNULL = YES;
				CLANG_ANALYZER_NUMBER_OBJECT_CONVERSION = YES_AGGRESSIVE;
				CLANG_CXX_LANGUAGE_STANDARD = "gnu++20";
				CLANG_ENABLE_MODULES = YES;
				CLANG_ENABLE_OBJC_ARC = YES;
				CLANG_ENABLE_OBJC_WEAK = YES;
				CLANG_WARN_BLOCK_CAPTURE_AUTORELEASING = YES;
				CLANG_WARN_BOOL_CONVERSION = YES;
				CLANG_WARN_COMMA = YES;
				CLANG_WARN_CONSTANT_CONVERSION = YES;
				CLANG_WARN_DEPRECATED_OBJC_IMPLEMENTATIONS = YES;
				CLANG_WARN_DIRECT_OBJC_ISA_USAGE = YES_ERROR;
				CLANG_WARN_DOCUMENTATION_COMMENTS = YES;
				CLANG_WARN_EMPTY_BODY = YES;
				CLANG_WARN_ENUM_CONVERSION = YES;
				CLANG_WARN_INFINITE_RECURSION = YES;
				CLANG_WARN_INT_CONVERSION = YES;
				CLANG_WARN_NON_LITERAL_NULL_CONVERSION = YES;
				CLANG_WARN_OBJC_IMPLICIT_RETAIN_SELF = YES;
				CLANG_WARN_OBJC_LITERAL_CONVERSION = YES;
				CLANG_WARN_OBJC_ROOT_CLASS = YES_ERROR;
				CLANG_WARN_QUOTED_INCLUDE_IN_FRAMEWORK_HEADER = YES;
				CLANG_WARN_RANGE_LOOP_ANALYSIS = YES;
				CLANG_WARN_STRICT_PROTOTYPES = YES;
				CLANG_WARN_SUSPICIOUS_MOVE = YES;
				CLANG_WARN_UNGUARDED_AVAILABILITY = YES_AGGRESSIVE;
				CLANG_WARN_UNREACHABLE_CODE = YES;
				CLANG_WARN__DUPLICATE_METHOD_MATCH = YES;
				COPY_PHASE_STRIP = NO;
				DEBUG_INFORMATION_FORMAT = "dwarf-with-dsym";
				ENABLE_NS_ASSERTIONS = NO;
				ENABLE_STRICT_OBJC_MSGSEND = YES;
				ENABLE_USER_SCRIPT_SANDBOXING = YES;
				GCC_C_LANGUAGE_STANDARD = gnu17;
				GCC_NO_COMMON_BLOCKS = YES;
				GCC_WARN_64_TO_32_BIT_CONVERSION = YES;
				GCC_WARN_ABOUT_RETURN_TYPE = YES_ERROR;
				GCC_WARN_UNDECLARED_SELECTOR = YES;
				GCC_WARN_UNINITIALIZED_AUTOS = YES_AGGRESSIVE;
				GCC_WARN_UNUSED_FUNCTION = YES;
				GCC_WARN_UNUSED_VARIABLE = YES;
				IPHONEOS_DEPLOYMENT_TARGET = 17.2;
				LOCALIZATION_PREFERS_STRING_CATALOGS = YES;
				MTL_ENABLE_DEBUG_INFO = NO;
				MTL_FAST_MATH = YES;
				SDKROOT = iphoneos;
				SWIFT_COMPILATION_MODE = wholemodule;
				VALIDATE_PRODUCT = YES;
			};
			name = Release;
		};
		AFBFD33C2C06C7F80029916C /* Debug */ = {
			isa = XCBuildConfiguration;
			buildSettings = {
				ALWAYS_EMBED_SWIFT_STANDARD_LIBRARIES = YES;
				ASSETCATALOG_COMPILER_APPICON_NAME = AppIcon;
				ASSETCATALOG_COMPILER_GLOBAL_ACCENT_COLOR_NAME = AccentColor;
				CODE_SIGN_ENTITLEMENTS = "couple-telecathic/couple-telecathic.entitlements";
				CODE_SIGN_STYLE = Automatic;
				CURRENT_PROJECT_VERSION = 1;
				DEVELOPMENT_ASSET_PATHS = "\"couple-telecathic/Preview Content\"";
				DEVELOPMENT_TEAM = DJFUU6576B;
				ENABLE_PREVIEWS = YES;
				GENERATE_INFOPLIST_FILE = YES;
				INFOPLIST_KEY_UIApplicationSceneManifest_Generation = YES;
				INFOPLIST_KEY_UIApplicationSupportsIndirectInputEvents = YES;
				INFOPLIST_KEY_UILaunchScreen_Generation = YES;
				INFOPLIST_KEY_UISupportedInterfaceOrientations_iPad = "UIInterfaceOrientationPortrait UIInterfaceOrientationPortraitUpsideDown UIInterfaceOrientationLandscapeLeft UIInterfaceOrientationLandscapeRight";
				INFOPLIST_KEY_UISupportedInterfaceOrientations_iPhone = "UIInterfaceOrientationPortrait UIInterfaceOrientationLandscapeLeft UIInterfaceOrientationLandscapeRight";
				LD_RUNPATH_SEARCH_PATHS = (
					"$(inherited)",
					"@executable_path/Frameworks",
				);
				MARKETING_VERSION = 1.0;
				PRODUCT_BUNDLE_IDENTIFIER = "com.liefransim.couple-telecathic";
				PRODUCT_NAME = "$(TARGET_NAME)";
				SUPPORTED_PLATFORMS = "iphoneos iphonesimulator";
				SUPPORTS_MACCATALYST = NO;
				SUPPORTS_MAC_DESIGNED_FOR_IPHONE_IPAD = NO;
				SUPPORTS_XR_DESIGNED_FOR_IPHONE_IPAD = NO;
				SWIFT_EMIT_LOC_STRINGS = YES;
				SWIFT_VERSION = 5.0;
				TARGETED_DEVICE_FAMILY = 1;
			};
			name = Debug;
		};
		AFBFD33D2C06C7F80029916C /* Release */ = {
			isa = XCBuildConfiguration;
			buildSettings = {
				ALWAYS_EMBED_SWIFT_STANDARD_LIBRARIES = YES;
				ASSETCATALOG_COMPILER_APPICON_NAME = AppIcon;
				ASSETCATALOG_COMPILER_GLOBAL_ACCENT_COLOR_NAME = AccentColor;
				CODE_SIGN_ENTITLEMENTS = "couple-telecathic/couple-telecathic.entitlements";
				CODE_SIGN_STYLE = Automatic;
				CURRENT_PROJECT_VERSION = 1;
				DEVELOPMENT_ASSET_PATHS = "\"couple-telecathic/Preview Content\"";
				DEVELOPMENT_TEAM = DJFUU6576B;
				ENABLE_PREVIEWS = YES;
				GENERATE_INFOPLIST_FILE = YES;
				INFOPLIST_KEY_UIApplicationSceneManifest_Generation = YES;
				INFOPLIST_KEY_UIApplicationSupportsIndirectInputEvents = YES;
				INFOPLIST_KEY_UILaunchScreen_Generation = YES;
				INFOPLIST_KEY_UISupportedInterfaceOrientations_iPad = "UIInterfaceOrientationPortrait UIInterfaceOrientationPortraitUpsideDown UIInterfaceOrientationLandscapeLeft UIInterfaceOrientationLandscapeRight";
				INFOPLIST_KEY_UISupportedInterfaceOrientations_iPhone = "UIInterfaceOrientationPortrait UIInterfaceOrientationLandscapeLeft UIInterfaceOrientationLandscapeRight";
				LD_RUNPATH_SEARCH_PATHS = (
					"$(inherited)",
					"@executable_path/Frameworks",
				);
				MARKETING_VERSION = 1.0;
				PRODUCT_BUNDLE_IDENTIFIER = "com.liefransim.couple-telecathic";
				PRODUCT_NAME = "$(TARGET_NAME)";
				SUPPORTED_PLATFORMS = "iphoneos iphonesimulator";
				SUPPORTS_MACCATALYST = NO;
				SUPPORTS_MAC_DESIGNED_FOR_IPHONE_IPAD = NO;
				SUPPORTS_XR_DESIGNED_FOR_IPHONE_IPAD = NO;
				SWIFT_EMIT_LOC_STRINGS = YES;
				SWIFT_VERSION = 5.0;
				TARGETED_DEVICE_FAMILY = 1;
			};
			name = Release;
		};
		DE9BFFB32C0ED1FF0049234B /* Debug */ = {
			isa = XCBuildConfiguration;
			buildSettings = {
				ASSETCATALOG_COMPILER_APPICON_NAME = AppIcon;
				ASSETCATALOG_COMPILER_GLOBAL_ACCENT_COLOR_NAME = AccentColor;
				CODE_SIGN_ENTITLEMENTS = "couple-telecathic-watch Watch App/couple-telecathic-watch Watch App.entitlements";
				CODE_SIGN_STYLE = Automatic;
				CURRENT_PROJECT_VERSION = 1;
				DEVELOPMENT_ASSET_PATHS = "\"couple-telecathic-watch Watch App/Preview Content\"";
				DEVELOPMENT_TEAM = DJFUU6576B;
				ENABLE_PREVIEWS = YES;
				GENERATE_INFOPLIST_FILE = YES;
				INFOPLIST_KEY_CFBundleDisplayName = "couple-telecathic-watch";
				INFOPLIST_KEY_UISupportedInterfaceOrientations = "UIInterfaceOrientationPortrait UIInterfaceOrientationPortraitUpsideDown";
				INFOPLIST_KEY_WKCompanionAppBundleIdentifier = "com.liefransim.couple-telecathic";
				INFOPLIST_KEY_WKRunsIndependentlyOfCompanionApp = NO;
				LD_RUNPATH_SEARCH_PATHS = (
					"$(inherited)",
					"@executable_path/Frameworks",
				);
				MARKETING_VERSION = 1.0;
				PRODUCT_BUNDLE_IDENTIFIER = "com.liefransim.couple-telecathic.watchkitapp";
				PRODUCT_NAME = "$(TARGET_NAME)";
				SDKROOT = watchos;
				SKIP_INSTALL = YES;
				SWIFT_EMIT_LOC_STRINGS = YES;
				SWIFT_VERSION = 5.0;
				TARGETED_DEVICE_FAMILY = 4;
				WATCHOS_DEPLOYMENT_TARGET = 10.5;
			};
			name = Debug;
		};
		DE9BFFB42C0ED1FF0049234B /* Release */ = {
			isa = XCBuildConfiguration;
			buildSettings = {
				ASSETCATALOG_COMPILER_APPICON_NAME = AppIcon;
				ASSETCATALOG_COMPILER_GLOBAL_ACCENT_COLOR_NAME = AccentColor;
				CODE_SIGN_ENTITLEMENTS = "couple-telecathic-watch Watch App/couple-telecathic-watch Watch App.entitlements";
				CODE_SIGN_STYLE = Automatic;
				CURRENT_PROJECT_VERSION = 1;
				DEVELOPMENT_ASSET_PATHS = "\"couple-telecathic-watch Watch App/Preview Content\"";
				DEVELOPMENT_TEAM = DJFUU6576B;
				ENABLE_PREVIEWS = YES;
				GENERATE_INFOPLIST_FILE = YES;
				INFOPLIST_KEY_CFBundleDisplayName = "couple-telecathic-watch";
				INFOPLIST_KEY_UISupportedInterfaceOrientations = "UIInterfaceOrientationPortrait UIInterfaceOrientationPortraitUpsideDown";
				INFOPLIST_KEY_WKCompanionAppBundleIdentifier = "com.liefransim.couple-telecathic";
				INFOPLIST_KEY_WKRunsIndependentlyOfCompanionApp = NO;
				LD_RUNPATH_SEARCH_PATHS = (
					"$(inherited)",
					"@executable_path/Frameworks",
				);
				MARKETING_VERSION = 1.0;
				PRODUCT_BUNDLE_IDENTIFIER = "com.liefransim.couple-telecathic.watchkitapp";
				PRODUCT_NAME = "$(TARGET_NAME)";
				SDKROOT = watchos;
				SKIP_INSTALL = YES;
				SWIFT_EMIT_LOC_STRINGS = YES;
				SWIFT_VERSION = 5.0;
				TARGETED_DEVICE_FAMILY = 4;
				WATCHOS_DEPLOYMENT_TARGET = 10.5;
			};
			name = Release;
		};
/* End XCBuildConfiguration section */

/* Begin XCConfigurationList section */
		AFBFD3262C06C7F70029916C /* Build configuration list for PBXProject "couple-telecathic" */ = {
			isa = XCConfigurationList;
			buildConfigurations = (
				AFBFD3392C06C7F80029916C /* Debug */,
				AFBFD33A2C06C7F80029916C /* Release */,
			);
			defaultConfigurationIsVisible = 0;
			defaultConfigurationName = Release;
		};
		AFBFD33B2C06C7F80029916C /* Build configuration list for PBXNativeTarget "couple-telecathic" */ = {
			isa = XCConfigurationList;
			buildConfigurations = (
				AFBFD33C2C06C7F80029916C /* Debug */,
				AFBFD33D2C06C7F80029916C /* Release */,
			);
			defaultConfigurationIsVisible = 0;
			defaultConfigurationName = Release;
		};
		DE9BFFB22C0ED1FF0049234B /* Build configuration list for PBXNativeTarget "couple-telecathic-watch Watch App" */ = {
			isa = XCConfigurationList;
			buildConfigurations = (
				DE9BFFB32C0ED1FF0049234B /* Debug */,
				DE9BFFB42C0ED1FF0049234B /* Release */,
			);
			defaultConfigurationIsVisible = 0;
			defaultConfigurationName = Release;
		};
/* End XCConfigurationList section */

/* Begin XCRemoteSwiftPackageReference section */
		DE9BFFC22C0F543B0049234B /* XCRemoteSwiftPackageReference "firebase-ios-sdk" */ = {
			isa = XCRemoteSwiftPackageReference;
			repositoryURL = "https://github.com/firebase/firebase-ios-sdk";
			requirement = {
				kind = upToNextMajorVersion;
				minimumVersion = 10.27.0;
			};
		};
/* End XCRemoteSwiftPackageReference section */

/* Begin XCSwiftPackageProductDependency section */
		DE9BFFC32C0F543B0049234B /* FirebaseAnalytics */ = {
			isa = XCSwiftPackageProductDependency;
			package = DE9BFFC22C0F543B0049234B /* XCRemoteSwiftPackageReference "firebase-ios-sdk" */;
			productName = FirebaseAnalytics;
		};
		DE9BFFC52C0F543B0049234B /* FirebaseFirestore */ = {
			isa = XCSwiftPackageProductDependency;
			package = DE9BFFC22C0F543B0049234B /* XCRemoteSwiftPackageReference "firebase-ios-sdk" */;
			productName = FirebaseFirestore;
		};
		DE9BFFC72C0F543B0049234B /* FirebaseMessaging */ = {
			isa = XCSwiftPackageProductDependency;
			package = DE9BFFC22C0F543B0049234B /* XCRemoteSwiftPackageReference "firebase-ios-sdk" */;
			productName = FirebaseMessaging;
		};
/* End XCSwiftPackageProductDependency section */
	};
	rootObject = AFBFD3232C06C7F70029916C /* Project object */;
}
